
Microsoft Visual Studio Solution File, Format Version 12.00
# Visual Studio Version 17
VisualStudioVersion = 17.0.31919.166
MinimumVisualStudioVersion = 10.0.40219.1
Project("{FAE04EC0-301F-11D3-BF4B-00C04F79EFBC}") = "FinalCNPM_Winform", "FinalCNPM_Winform\FinalCNPM_Winform.csproj", "{3D171789-E673-459C-AF58-6884B06123C9}"
EndProject
Global
	GlobalSection(SolutionConfigurationPlatforms) = preSolution
		Debug|Any CPU = Debug|Any CPU
		Release|Any CPU = Release|Any CPU
	EndGlobalSection
	GlobalSection(ProjectConfigurationPlatforms) = postSolution
		{3D171789-E673-459C-AF58-6884B06123C9}.Debug|Any CPU.ActiveCfg = Debug|Any CPU
		{3D171789-E673-459C-AF58-6884B06123C9}.Debug|Any CPU.Build.0 = Debug|Any CPU
		{3D171789-E673-459C-AF58-6884B06123C9}.Release|Any CPU.ActiveCfg = Release|Any CPU
		{3D171789-E673-459C-AF58-6884B06123C9}.Release|Any CPU.Build.0 = Release|Any CPU
	EndGlobalSection
	GlobalSection(SolutionProperties) = preSolution
		HideSolutionNode = FALSE
	EndGlobalSection
	GlobalSection(ExtensibilityGlobals) = postSolution
		SolutionGuid = {1A3215B3-766F-4C6B-9DEE-313FA3F221DB}
	EndGlobalSection
EndGlobal
